
Microsoft Visual Studio Solution File, Format Version 12.00
# Visual Studio Version 17
VisualStudioVersion = 17.6.33712.159
MinimumVisualStudioVersion = 10.0.40219.1
Project("{FAE04EC0-301F-11D3-BF4B-00C04F79EFBC}") = "Calculator", "Calculator\Calculator.csproj", "{E4548564-DD0F-4165-BAD7-77539AACCB48}"
EndProject
Global
	GlobalSection(SolutionConfigurationPlatforms) = preSolution
		Debug|Any CPU = Debug|Any CPU
		Release|Any CPU = Release|Any CPU
	EndGlobalSection
	GlobalSection(ProjectConfigurationPlatforms) = postSolution
		{E4548564-DD0F-4165-BAD7-77539AACCB48}.Debug|Any CPU.ActiveCfg = Debug|Any CPU
		{E4548564-DD0F-4165-BAD7-77539AACCB48}.Debug|Any CPU.Build.0 = Debug|Any CPU
		{E4548564-DD0F-4165-BAD7-77539AACCB48}.Release|Any CPU.ActiveCfg = Release|Any CPU
		{E4548564-DD0F-4165-BAD7-77539AACCB48}.Release|Any CPU.Build.0 = Release|Any CPU
	EndGlobalSection
	GlobalSection(SolutionProperties) = preSolution
		HideSolutionNode = FALSE
	EndGlobalSection
	GlobalSection(ExtensibilityGlobals) = postSolution
		SolutionGuid = {153491F9-0703-485C-9141-046A1B8F30C1}
	EndGlobalSection
EndGlobal
